// !$*UTF8*$!
{
	archiveVersion = 1;
	classes = {
	};
	objectVersion = 46;
	objects = {

/* Begin PBXBuildFile section */
		A37CEBFC1FD0E1BC0070637B /* main.cpp in Sources */ = {isa = PBXBuildFile; fileRef = A37CEBFB1FD0E1BC0070637B /* main.cpp */; };
/* End PBXBuildFile section */

/* Begin PBXCopyFilesBuildPhase section */
		A37CEBF61FD0E1BC0070637B /* CopyFiles */ = {
			isa = PBXCopyFilesBuildPhase;
			buildActionMask = 2147483647;
			dstPath = /usr/share/man/man1/;
			dstSubfolderSpec = 0;
			files = (
			);
			runOnlyForDeploymentPostprocessing = 1;
		};
/* End PBXCopyFilesBuildPhase section */

/* Begin PBXFileReference section */
		A37CEBF81FD0E1BC0070637B /* p5 */ = {isa = PBXFileReference; explicitFileType = "compiled.mach-o.executable"; includeInIndex = 0; path = p5; sourceTree = BUILT_PRODUCTS_DIR; };
		A37CEBFB1FD0E1BC0070637B /* main.cpp */ = {isa = PBXFileReference; lastKnownFileType = sourcecode.cpp.cpp; path = main.cpp; sourceTree = "<group>"; };
		A37CEC361FD0E2BF0070637B /* iword3.txt */ = {isa = PBXFileReference; lastKnownFileType = text; name = iword3.txt; path = p5/iword3.txt; sourceTree = "<group>"; };
		A37CEC371FD0E2C30070637B /* iword4.txt */ = {isa = PBXFileReference; lastKnownFileType = text; name = iword4.txt; path = p5/iword4.txt; sourceTree = "<group>"; };
		A37CEC381FD0E2C70070637B /* iword5.txt */ = {isa = PBXFileReference; lastKnownFileType = text; name = iword5.txt; path = p5/iword5.txt; sourceTree = "<group>"; };
		A37CEC391FD0E2CA0070637B /* ladder.pdf */ = {isa = PBXFileReference; lastKnownFileType = image.pdf; name = ladder.pdf; path = p5/ladder.pdf; sourceTree = "<group>"; };
		A37CEC3A1FD10FD00070637B /* iword3.txt */ = {isa = PBXFileReference; fileEncoding = 4; lastKnownFileType = text; path = iword3.txt; sourceTree = SOURCE_ROOT; };
		A37CEC3B1FD10FD00070637B /* iword4.txt */ = {isa = PBXFileReference; fileEncoding = 4; lastKnownFileType = text; path = iword4.txt; sourceTree = SOURCE_ROOT; };
		A37CEC3C1FD10FD00070637B /* iword5.txt */ = {isa = PBXFileReference; fileEncoding = 4; lastKnownFileType = text; path = iword5.txt; sourceTree = SOURCE_ROOT; };
/* End PBXFileReference section */

/* Begin PBXFrameworksBuildPhase section */
		A37CEBF51FD0E1BC0070637B /* Frameworks */ = {
			isa = PBXFrameworksBuildPhase;
			buildActionMask = 2147483647;
			files = (
			);
			runOnlyForDeploymentPostprocessing = 0;
		};
/* End PBXFrameworksBuildPhase section */

/* Begin PBXGroup section */
		A37CEBEF1FD0E1BC0070637B = {
			isa = PBXGroup;
			children = (
				A37CEC361FD0E2BF0070637B /* iword3.txt */,
				A37CEC391FD0E2CA0070637B /* ladder.pdf */,
				A37CEC371FD0E2C30070637B /* iword4.txt */,
				A37CEC381FD0E2C70070637B /* iword5.txt */,
				A37CEBFA1FD0E1BC0070637B /* p5 */,
				A37CEBF91FD0E1BC0070637B /* Products */,
			);
			sourceTree = "<group>";
		};
		A37CEBF91FD0E1BC0070637B /* Products */ = {
			isa = PBXGroup;
			children = (
				A37CEBF81FD0E1BC0070637B /* p5 */,
			);
			name = Products;
			sourceTree = "<group>";
		};
		A37CEBFA1FD0E1BC0070637B /* p5 */ = {
			isa = PBXGroup;
			children = (
				A37CEC3A1FD10FD00070637B /* iword3.txt */,
				A37CEC3B1FD10FD00070637B /* iword4.txt */,
				A37CEC3C1FD10FD00070637B /* iword5.txt */,
				A37CEBFB1FD0E1BC0070637B /* main.cpp */,
			);
			path = p5;
			sourceTree = "<group>";
		};
/* End PBXGroup section */

/* Begin PBXNativeTarget section */
		A37CEBF71FD0E1BC0070637B /* p5 */ = {
			isa = PBXNativeTarget;
			buildConfigurationList = A37CEBFF1FD0E1BC0070637B /* Build configuration list for PBXNativeTarget "p5" */;
			buildPhases = (
				A37CEBF41FD0E1BC0070637B /* Sources */,
				A37CEBF51FD0E1BC0070637B /* Frameworks */,
				A37CEBF61FD0E1BC0070637B /* CopyFiles */,
			);
			buildRules = (
			);
			dependencies = (
			);
			name = p5;
			productName = p5;
			productReference = A37CEBF81FD0E1BC0070637B /* p5 */;
			productType = "com.apple.product-type.tool";
		};
/* End PBXNativeTarget section */

/* Begin PBXProject section */
		A37CEBF01FD0E1BC0070637B /* Project object */ = {
			isa = PBXProject;
			attributes = {
				LastUpgradeCheck = 0830;
				ORGANIZATIONNAME = "Jiang, Yangzi";
				TargetAttributes = {
					A37CEBF71FD0E1BC0070637B = {
						CreatedOnToolsVersion = 8.3.3;
						ProvisioningStyle = Automatic;
					};
				};
			};
			buildConfigurationList = A37CEBF31FD0E1BC0070637B /* Build configuration list for PBXProject "p5" */;
			compatibilityVersion = "Xcode 3.2";
			developmentRegion = English;
			hasScannedForEncodings = 0;
			knownRegions = (
				en,
			);
			mainGroup = A37CEBEF1FD0E1BC0070637B;
			productRefGroup = A37CEBF91FD0E1BC0070637B /* Products */;
			projectDirPath = "";
			projectRoot = "";
			targets = (
				A37CEBF71FD0E1BC0070637B /* p5 */,
			);
		};
/* End PBXProject section */

/* Begin PBXSourcesBuildPhase section */
		A37CEBF41FD0E1BC0070637B /* Sources */ = {
			isa = PBXSourcesBuildPhase;
			buildActionMask = 2147483647;
			files = (
				A37CEBFC1FD0E1BC0070637B /* main.cpp in Sources */,
			);
			runOnlyForDeploymentPostprocessing = 0;
		};
/* End PBXSourcesBuildPhase section */

/* Begin XCBuildConfiguration section */
		A37CEBFD1FD0E1BC0070637B /* Debug */ = {
			isa = XCBuildConfiguration;
			buildSettings = {
				ALWAYS_SEARCH_USER_PATHS = NO;
				CLANG_ANALYZER_NONNULL = YES;
				CLANG_ANALYZER_NUMBER_OBJECT_CONVERSION = YES_AGGRESSIVE;
				CLANG_CXX_LANGUAGE_STANDARD = "gnu++0x";
				CLANG_CXX_LIBRARY = "libc++";
				CLANG_ENABLE_MODULES = YES;
				CLANG_ENABLE_OBJC_ARC = YES;
				CLANG_WARN_BOOL_CONVERSION = YES;
				CLANG_WARN_CONSTANT_CONVERSION = YES;
				CLANG_WARN_DIRECT_OBJC_ISA_USAGE = YES_ERROR;
				CLANG_WARN_DOCUMENTATION_COMMENTS = YES;
				CLANG_WARN_EMPTY_BODY = YES;
				CLANG_WARN_ENUM_CONVERSION = YES;
				CLANG_WARN_INFINITE_RECURSION = YES;
				CLANG_WARN_INT_CONVERSION = YES;
				CLANG_WARN_OBJC_ROOT_CLASS = YES_ERROR;
				CLANG_WARN_SUSPICIOUS_MOVE = YES;
				CLANG_WARN_UNREACHABLE_CODE = YES;
				CLANG_WARN__DUPLICATE_METHOD_MATCH = YES;
				CODE_SIGN_IDENTITY = "-";
				COPY_PHASE_STRIP = NO;
				DEBUG_INFORMATION_FORMAT = dwarf;
				ENABLE_STRICT_OBJC_MSGSEND = YES;
				ENABLE_TESTABILITY = YES;
				GCC_C_LANGUAGE_STANDARD = gnu99;
				GCC_DYNAMIC_NO_PIC = NO;
				GCC_NO_COMMON_BLOCKS = YES;
				GCC_OPTIMIZATION_LEVEL = 0;
				GCC_PREPROCESSOR_DEFINITIONS = (
					"DEBUG=1",
					"$(inherited)",
				);
				GCC_WARN_64_TO_32_BIT_CONVERSION = YES;
				GCC_WARN_ABOUT_RETURN_TYPE = YES_ERROR;
				GCC_WARN_UNDECLARED_SELECTOR = YES;
				GCC_WARN_UNINITIALIZED_AUTOS = YES_AGGRESSIVE;
				GCC_WARN_UNUSED_FUNCTION = YES;
				GCC_WARN_UNUSED_VARIABLE = YES;
				MACOSX_DEPLOYMENT_TARGET = 10.12;
				MTL_ENABLE_DEBUG_INFO = YES;
				ONLY_ACTIVE_ARCH = YES;
				SDKROOT = macosx;
			};
			name = Debug;
		};
		A37CEBFE1FD0E1BC0070637B /* Release */ = {
			isa = XCBuildConfiguration;
			buildSettings = {
				ALWAYS_SEARCH_USER_PATHS = NO;
				CLANG_ANALYZER_NONNULL = YES;
				CLANG_ANALYZER_NUMBER_OBJECT_CONVERSION = YES_AGGRESSIVE;
				CLANG_CXX_LANGUAGE_STANDARD = "gnu++0x";
				CLANG_CXX_LIBRARY = "libc++";
				CLANG_ENABLE_MODULES = YES;
				CLANG_ENABLE_OBJC_ARC = YES;
				CLANG_WARN_BOOL_CONVERSION = YES;
				CLANG_WARN_CONSTANT_CONVERSION = YES;
				CLANG_WARN_DIRECT_OBJC_ISA_USAGE = YES_ERROR;
				CLANG_WARN_DOCUMENTATION_COMMENTS = YES;
				CLANG_WARN_EMPTY_BODY = YES;
				CLANG_WARN_ENUM_CONVERSION = YES;
				CLANG_WARN_INFINITE_RECURSION = YES;
				CLANG_WARN_INT_CONVERSION = YES;
				CLANG_WARN_OBJC_ROOT_CLASS = YES_ERROR;
				CLANG_WARN_SUSPICIOUS_MOVE = YES;
				CLANG_WARN_UNREACHABLE_CODE = YES;
				CLANG_WARN__DUPLICATE_METHOD_MATCH = YES;
				CODE_SIGN_IDENTITY = "-";
				COPY_PHASE_STRIP = NO;
				DEBUG_INFORMATION_FORMAT = "dwarf-with-dsym";
				ENABLE_NS_ASSERTIONS = NO;
				ENABLE_STRICT_OBJC_MSGSEND = YES;
				GCC_C_LANGUAGE_STANDARD = gnu99;
				GCC_NO_COMMON_BLOCKS = YES;
				GCC_WARN_64_TO_32_BIT_CONVERSION = YES;
				GCC_WARN_ABOUT_RETURN_TYPE = YES_ERROR;
				GCC_WARN_UNDECLARED_SELECTOR = YES;
				GCC_WARN_UNINITIALIZED_AUTOS = YES_AGGRESSIVE;
				GCC_WARN_UNUSED_FUNCTION = YES;
				GCC_WARN_UNUSED_VARIABLE = YES;
				MACOSX_DEPLOYMENT_TARGET = 10.12;
				MTL_ENABLE_DEBUG_INFO = NO;
				SDKROOT = macosx;
			};
			name = Release;
		};
		A37CEC001FD0E1BC0070637B /* Debug */ = {
			isa = XCBuildConfiguration;
			buildSettings = {
				PRODUCT_NAME = "$(TARGET_NAME)";
			};
			name = Debug;
		};
		A37CEC011FD0E1BC0070637B /* Release */ = {
			isa = XCBuildConfiguration;
			buildSettings = {
				PRODUCT_NAME = "$(TARGET_NAME)";
			};
			name = Release;
		};
/* End XCBuildConfiguration section */

/* Begin XCConfigurationList section */
		A37CEBF31FD0E1BC0070637B /* Build configuration list for PBXProject "p5" */ = {
			isa = XCConfigurationList;
			buildConfigurations = (
				A37CEBFD1FD0E1BC0070637B /* Debug */,
				A37CEBFE1FD0E1BC0070637B /* Release */,
			);
			defaultConfigurationIsVisible = 0;
			defaultConfigurationName = Release;
		};
		A37CEBFF1FD0E1BC0070637B /* Build configuration list for PBXNativeTarget "p5" */ = {
			isa = XCConfigurationList;
			buildConfigurations = (
				A37CEC001FD0E1BC0070637B /* Debug */,
				A37CEC011FD0E1BC0070637B /* Release */,
			);
			defaultConfigurationIsVisible = 0;
		};
/* End XCConfigurationList section */
	};
	rootObject = A37CEBF01FD0E1BC0070637B /* Project object */;
}
